{"1.2.0",
[{<<"backoff">>,{pkg,<<"backoff">>,<<"1.1.6">>},1},
 {<<"gleam_erlang">>,{pkg,<<"gleam_erlang">>,<<"0.1.0">>},0},
 {<<"gleam_otp">>,{pkg,<<"gleam_otp">>,<<"0.3.1">>},0},
 {<<"gleam_should_assertions">>,
  {pkg,<<"gleam_should_assertions">>,<<"0.1.0">>},
  0},
 {<<"gleam_stdlib">>,{pkg,<<"gleam_stdlib">>,<<"0.17.0">>},0},
 {<<"pg_types">>,{pkg,<<"pg_types">>,<<"0.4.0">>},1},
 {<<"pgo">>,{pkg,<<"pgo">>,<<"0.11.1">>},0},
 {<<"telemetry">>,{pkg,<<"telemetry">>,<<"0.4.3">>},1}]}.
[
{pkg_hash,[
 {<<"backoff">>, <<"83B72ED2108BA1EE8F7D1C22E0B4A00CFE3593A67DBC792799E8CCE9F42F796B">>},
 {<<"gleam_erlang">>, <<"A104FB11D7BEE83BC52C87897D52A6584D53EBB9EC7D63C80D9240F5E555ED10">>},
 {<<"gleam_otp">>, <<"812720951BA527939A1B6C5BD6A73BFA1E926EED9125CE8BF03EA53F2E973C3A">>},
 {<<"gleam_should_assertions">>, <<"3449DE5812D6BD598FE5F6D0414BDBEFEEBFCEA936FCB099367B6217D6EB0351">>},
 {<<"gleam_stdlib">>, <<"186494B596DB67A1FDAFFF164F988737AE47A5C634893422397A356CA3C3F979">>},
 {<<"pg_types">>, <<"3CE365C92903C5BB59C0D56382D842C8C610C1B6F165E20C4B652C96FA7E9C14">>},
 {<<"pgo">>, <<"4B699096E0C5009610AB063F68B97D1B45FD4BAFA286ED5FFC6744DA07F7B6A6">>},
 {<<"telemetry">>, <<"A06428A514BDBC63293CD9A6263AAD00DDEB66F608163BDEC7C8995784080818">>}]},
{pkg_hash_ext,[
 {<<"backoff">>, <<"CF0CFFF8995FB20562F822E5CC47D8CCF664C5ECDC26A684CBE85C225F9D7C39">>},
 {<<"gleam_erlang">>, <<"316BE16CF523F2E6EFB8B092943261E12F94989BFE63C1DB93D5233BB8418478">>},
 {<<"gleam_otp">>, <<"9F779074D0CD3760E280E24247BA17FC673D654234D56B3A8F187DC8FDE299B7">>},
 {<<"gleam_should_assertions">>, <<"255AE12F9D947B05A180A5B01FE4B458049E69636E3A961A0C05443F70AC7F27">>},
 {<<"gleam_stdlib">>, <<"66834E96F3F42609B4E5AAA2B73F9EC45625A422D0AED091B3A704ACAE0420E7">>},
 {<<"pg_types">>, <<"B02EFA785CAECECF9702C681C80A9CA12A39F9161A846CE17B01FB20AEEED7EB">>},
 {<<"pgo">>, <<"30F38CA823A98C41EF23967D133E91B45AD14AEE0766F4773E88BCCF46BA17A5">>},
 {<<"telemetry">>, <<"EB72B8365FFDA5BED68A620D1DA88525E326CB82A75EE61354FC24B844768041">>}]}
].
