{"1.2.0",
[{<<"backoff">>,{pkg,<<"backoff">>,<<"1.1.6">>},1},
 {<<"gleam_otp">>,{pkg,<<"gleam_otp">>,<<"0.1.3">>},0},
 {<<"gleam_stdlib">>,{pkg,<<"gleam_stdlib">>,<<"0.12.0">>},0},
 {<<"pg_types">>,{pkg,<<"pg_types">>,<<"0.4.0">>},1},
 {<<"pgo">>,{pkg,<<"pgo">>,<<"0.11.1">>},0},
 {<<"telemetry">>,{pkg,<<"telemetry">>,<<"0.4.2">>},1}]}.
[
{pkg_hash,[
 {<<"backoff">>, <<"83B72ED2108BA1EE8F7D1C22E0B4A00CFE3593A67DBC792799E8CCE9F42F796B">>},
 {<<"gleam_otp">>, <<"1501F9F838B254B854B7D0894113790A444096ECCABC2F7010F56C643AEB7D96">>},
 {<<"gleam_stdlib">>, <<"722B00F9A08E44D9582922B4EF6E890CA60E2CAEBEFE81192F3CC8D337F2F0CF">>},
 {<<"pg_types">>, <<"3CE365C92903C5BB59C0D56382D842C8C610C1B6F165E20C4B652C96FA7E9C14">>},
 {<<"pgo">>, <<"4B699096E0C5009610AB063F68B97D1B45FD4BAFA286ED5FFC6744DA07F7B6A6">>},
 {<<"telemetry">>, <<"2808C992455E08D6177322F14D3BDB6B625FBCFD233A73505870D8738A2F4599">>}]},
{pkg_hash_ext,[
 {<<"backoff">>, <<"CF0CFFF8995FB20562F822E5CC47D8CCF664C5ECDC26A684CBE85C225F9D7C39">>},
 {<<"gleam_otp">>, <<"4C914E4C73E311D546E4BC17812A3A6ACDF49C68750CE2CCDF98F93DA742CCB6">>},
 {<<"gleam_stdlib">>, <<"C3435F25629ED5F2C0D53A1BC2FDF89ACDFFA75F036CB27396C1EF70396F644A">>},
 {<<"pg_types">>, <<"B02EFA785CAECECF9702C681C80A9CA12A39F9161A846CE17B01FB20AEEED7EB">>},
 {<<"pgo">>, <<"30F38CA823A98C41EF23967D133E91B45AD14AEE0766F4773E88BCCF46BA17A5">>},
 {<<"telemetry">>, <<"2D1419BD9DDA6A206D7B5852179511722E2B18812310D304620C7BD92A13FCEF">>}]}
].
